
Microsoft Visual Studio Solution File, Format Version 12.00
# Visual Studio Version 17
VisualStudioVersion = 17.10.35013.160
MinimumVisualStudioVersion = 10.0.40219.1
Project("{FAE04EC0-301F-11D3-BF4B-00C04F79EFBC}") = "ConsoleApp1", "ConsoleApp1\ConsoleApp1.csproj", "{096BDBE7-D0D9-4F21-9FBC-DBFF0BFD8EB7}"
EndProject
Global
	GlobalSection(SolutionConfigurationPlatforms) = preSolution
		Debug|Any CPU = Debug|Any CPU
		Release|Any CPU = Release|Any CPU
	EndGlobalSection
	GlobalSection(ProjectConfigurationPlatforms) = postSolution
		{096BDBE7-D0D9-4F21-9FBC-DBFF0BFD8EB7}.Debug|Any CPU.ActiveCfg = Debug|Any CPU
		{096BDBE7-D0D9-4F21-9FBC-DBFF0BFD8EB7}.Debug|Any CPU.Build.0 = Debug|Any CPU
		{096BDBE7-D0D9-4F21-9FBC-DBFF0BFD8EB7}.Release|Any CPU.ActiveCfg = Release|Any CPU
		{096BDBE7-D0D9-4F21-9FBC-DBFF0BFD8EB7}.Release|Any CPU.Build.0 = Release|Any CPU
	EndGlobalSection
	GlobalSection(SolutionProperties) = preSolution
		HideSolutionNode = FALSE
	EndGlobalSection
	GlobalSection(ExtensibilityGlobals) = postSolution
		SolutionGuid = {F76C1DD7-B0E4-45A9-82FD-71A4A66612EA}
	EndGlobalSection
EndGlobal
